
Microsoft Visual Studio Solution File, Format Version 12.00
# Visual Studio Version 16
VisualStudioVersion = 16.0.30523.141
MinimumVisualStudioVersion = 10.0.40219.1
Project("{FAE04EC0-301F-11D3-BF4B-00C04F79EFBC}") = "GrafCanvas", "GrafCanvas\GrafCanvas.csproj", "{3E6059F4-11BC-444B-8EFF-0B5A9EA95485}"
EndProject
Global
	GlobalSection(SolutionConfigurationPlatforms) = preSolution
		Debug|Any CPU = Debug|Any CPU
		Release|Any CPU = Release|Any CPU
	EndGlobalSection
	GlobalSection(ProjectConfigurationPlatforms) = postSolution
		{3E6059F4-11BC-444B-8EFF-0B5A9EA95485}.Debug|Any CPU.ActiveCfg = Debug|Any CPU
		{3E6059F4-11BC-444B-8EFF-0B5A9EA95485}.Debug|Any CPU.Build.0 = Debug|Any CPU
		{3E6059F4-11BC-444B-8EFF-0B5A9EA95485}.Release|Any CPU.ActiveCfg = Release|Any CPU
		{3E6059F4-11BC-444B-8EFF-0B5A9EA95485}.Release|Any CPU.Build.0 = Release|Any CPU
	EndGlobalSection
	GlobalSection(SolutionProperties) = preSolution
		HideSolutionNode = FALSE
	EndGlobalSection
	GlobalSection(ExtensibilityGlobals) = postSolution
		SolutionGuid = {9008CF3A-B12F-42A3-BD5D-C22204F63F82}
	EndGlobalSection
EndGlobal
