
Microsoft Visual Studio Solution File, Format Version 12.00
# Visual Studio Version 16
VisualStudioVersion = 16.0.30523.141
MinimumVisualStudioVersion = 10.0.40219.1
Project("{FAE04EC0-301F-11D3-BF4B-00C04F79EFBC}") = "w02p02-dodawnie", "w02p02-dodawnie\w02p02-dodawnie.csproj", "{9EB0D8C7-90A4-4801-86DB-34A5E1BA7005}"
EndProject
Global
	GlobalSection(SolutionConfigurationPlatforms) = preSolution
		Debug|Any CPU = Debug|Any CPU
		Release|Any CPU = Release|Any CPU
	EndGlobalSection
	GlobalSection(ProjectConfigurationPlatforms) = postSolution
		{9EB0D8C7-90A4-4801-86DB-34A5E1BA7005}.Debug|Any CPU.ActiveCfg = Debug|Any CPU
		{9EB0D8C7-90A4-4801-86DB-34A5E1BA7005}.Debug|Any CPU.Build.0 = Debug|Any CPU
		{9EB0D8C7-90A4-4801-86DB-34A5E1BA7005}.Release|Any CPU.ActiveCfg = Release|Any CPU
		{9EB0D8C7-90A4-4801-86DB-34A5E1BA7005}.Release|Any CPU.Build.0 = Release|Any CPU
	EndGlobalSection
	GlobalSection(SolutionProperties) = preSolution
		HideSolutionNode = FALSE
	EndGlobalSection
	GlobalSection(ExtensibilityGlobals) = postSolution
		SolutionGuid = {1D3976AD-4683-496E-94C7-A8D0C232F557}
	EndGlobalSection
EndGlobal
