
Microsoft Visual Studio Solution File, Format Version 12.00
# Visual Studio Version 16
VisualStudioVersion = 16.0.30523.141
MinimumVisualStudioVersion = 10.0.40219.1
Project("{FAE04EC0-301F-11D3-BF4B-00C04F79EFBC}") = "MenuGrafiki", "MenuGrafiki\MenuGrafiki.csproj", "{3EB00601-659D-43A2-9444-D9C5335AD8D5}"
EndProject
Global
	GlobalSection(SolutionConfigurationPlatforms) = preSolution
		Debug|Any CPU = Debug|Any CPU
		Release|Any CPU = Release|Any CPU
	EndGlobalSection
	GlobalSection(ProjectConfigurationPlatforms) = postSolution
		{3EB00601-659D-43A2-9444-D9C5335AD8D5}.Debug|Any CPU.ActiveCfg = Debug|Any CPU
		{3EB00601-659D-43A2-9444-D9C5335AD8D5}.Debug|Any CPU.Build.0 = Debug|Any CPU
		{3EB00601-659D-43A2-9444-D9C5335AD8D5}.Release|Any CPU.ActiveCfg = Release|Any CPU
		{3EB00601-659D-43A2-9444-D9C5335AD8D5}.Release|Any CPU.Build.0 = Release|Any CPU
	EndGlobalSection
	GlobalSection(SolutionProperties) = preSolution
		HideSolutionNode = FALSE
	EndGlobalSection
	GlobalSection(ExtensibilityGlobals) = postSolution
		SolutionGuid = {00B677B4-879E-4304-AE3A-1DB703E02BF6}
	EndGlobalSection
EndGlobal
