
Microsoft Visual Studio Solution File, Format Version 12.00
# Visual Studio Version 16
VisualStudioVersion = 16.0.30523.141
MinimumVisualStudioVersion = 10.0.40219.1
Project("{FAE04EC0-301F-11D3-BF4B-00C04F79EFBC}") = "MenuObrazkóWieleOkien", "MenuObrazkóWieleOkien\MenuObrazkóWieleOkien.csproj", "{BF9650D3-F77F-4401-80AC-C159F08EBB68}"
EndProject
Global
	GlobalSection(SolutionConfigurationPlatforms) = preSolution
		Debug|Any CPU = Debug|Any CPU
		Release|Any CPU = Release|Any CPU
	EndGlobalSection
	GlobalSection(ProjectConfigurationPlatforms) = postSolution
		{BF9650D3-F77F-4401-80AC-C159F08EBB68}.Debug|Any CPU.ActiveCfg = Debug|Any CPU
		{BF9650D3-F77F-4401-80AC-C159F08EBB68}.Debug|Any CPU.Build.0 = Debug|Any CPU
		{BF9650D3-F77F-4401-80AC-C159F08EBB68}.Release|Any CPU.ActiveCfg = Release|Any CPU
		{BF9650D3-F77F-4401-80AC-C159F08EBB68}.Release|Any CPU.Build.0 = Release|Any CPU
	EndGlobalSection
	GlobalSection(SolutionProperties) = preSolution
		HideSolutionNode = FALSE
	EndGlobalSection
	GlobalSection(ExtensibilityGlobals) = postSolution
		SolutionGuid = {172C8C6C-F3A4-4718-88E5-9A2197A67358}
	EndGlobalSection
EndGlobal
